
Microsoft Visual Studio Solution File, Format Version 12.00
# Visual Studio 15
Project("{FAE04EC0-301F-11D3-BF4B-00C04F79EFBC}") = "UnityEngine.UI", "UnityEngine.UI.csproj", "{B6804EDD-A074-6E1D-6EEA-926679C69B60}"
EndProject
Project("{FAE04EC0-301F-11D3-BF4B-00C04F79EFBC}") = "Unity.RenderPipelines.Core.Runtime", "Unity.RenderPipelines.Core.Runtime.csproj", "{82BCCFB2-FBDC-CB70-55A3-E1F71D1746CB}"
EndProject
Project("{FAE04EC0-301F-11D3-BF4B-00C04F79EFBC}") = "UnityEngine.TestRunner", "UnityEngine.TestRunner.csproj", "{E5538F4A-DDF5-54A4-1B2F-D3C684374E49}"
EndProject
Project("{FAE04EC0-301F-11D3-BF4B-00C04F79EFBC}") = "Unity.Mathematics", "Unity.Mathematics.csproj", "{63535416-C002-6CBA-0CAA-1E95DCAA33BF}"
EndProject
Project("{FAE04EC0-301F-11D3-BF4B-00C04F79EFBC}") = "Unity.InputSystem", "Unity.InputSystem.csproj", "{5BA6D13D-4643-DD82-0F42-06F78CEDB0A7}"
EndProject
Project("{FAE04EC0-301F-11D3-BF4B-00C04F79EFBC}") = "Unity.RenderPipelines.Universal.Runtime", "Unity.RenderPipelines.Universal.Runtime.csproj", "{EB6EAAA0-7247-3AA6-2A77-E105622A9883}"
EndProject
Project("{FAE04EC0-301F-11D3-BF4B-00C04F79EFBC}") = "Unity.2D.Animation.Runtime", "Unity.2D.Animation.Runtime.csproj", "{384D2E83-A439-124A-B388-44E238A2704A}"
EndProject
Project("{FAE04EC0-301F-11D3-BF4B-00C04F79EFBC}") = "Unity.TextMeshPro", "Unity.TextMeshPro.csproj", "{3DF98EF5-E7E2-0F60-9B2B-81D6F08B3DDD}"
EndProject
Project("{FAE04EC0-301F-11D3-BF4B-00C04F79EFBC}") = "Unity.Timeline", "Unity.Timeline.csproj", "{F85EED96-758A-8949-1696-0C2D09AF7C22}"
EndProject
Project("{FAE04EC0-301F-11D3-BF4B-00C04F79EFBC}") = "Unity.2D.SpriteShape.Runtime", "Unity.2D.SpriteShape.Runtime.csproj", "{F35D3AD2-74F7-F81B-102B-BE985D72FC05}"
EndProject
Project("{FAE04EC0-301F-11D3-BF4B-00C04F79EFBC}") = "Unity.2D.PixelPerfect", "Unity.2D.PixelPerfect.csproj", "{8B972C95-ACAB-F420-9615-869CA9E72D2F}"
EndProject
Project("{FAE04EC0-301F-11D3-BF4B-00C04F79EFBC}") = "Unity.2D.IK.Runtime", "Unity.2D.IK.Runtime.csproj", "{C25AB02F-6299-CA10-F671-B8DD640922A4}"
EndProject
Project("{FAE04EC0-301F-11D3-BF4B-00C04F79EFBC}") = "Unity.2D.Common.Runtime", "Unity.2D.Common.Runtime.csproj", "{DB07C06A-E356-73A3-3701-012E15FE25BD}"
EndProject
Project("{FAE04EC0-301F-11D3-BF4B-00C04F79EFBC}") = "Unity.RenderPipelines.Core.ShaderLibrary", "Unity.RenderPipelines.Core.ShaderLibrary.csproj", "{816597E1-F909-24EA-8BD4-CDC40B77A6CC}"
EndProject
Project("{FAE04EC0-301F-11D3-BF4B-00C04F79EFBC}") = "Assembly-CSharp", "Assembly-CSharp.csproj", "{2D7C5A03-00D6-E8C6-0EBD-A58DE11D2A59}"
EndProject
Project("{FAE04EC0-301F-11D3-BF4B-00C04F79EFBC}") = "Unity.InternalAPIEngineBridge.001", "Unity.InternalAPIEngineBridge.001.csproj", "{69F96EAA-4539-F6A3-DEC4-8E7FCAFBEBE7}"
EndProject
Project("{FAE04EC0-301F-11D3-BF4B-00C04F79EFBC}") = "Unity.RenderPipeline.Universal.ShaderLibrary", "Unity.RenderPipeline.Universal.ShaderLibrary.csproj", "{9BA12B80-4CC1-399D-9C5A-164218FBFED1}"
EndProject
Project("{FAE04EC0-301F-11D3-BF4B-00C04F79EFBC}") = "Unity.RenderPipelines.Universal.Shaders", "Unity.RenderPipelines.Universal.Shaders.csproj", "{0FCD0387-3370-5A31-BCB1-90F232D185C2}"
EndProject
Project("{FAE04EC0-301F-11D3-BF4B-00C04F79EFBC}") = "Unity.RenderPipelines.ShaderGraph.ShaderGraphLibrary", "Unity.RenderPipelines.ShaderGraph.ShaderGraphLibrary.csproj", "{8D3CFA32-8528-B806-152B-8680E593736F}"
EndProject
Project("{FAE04EC0-301F-11D3-BF4B-00C04F79EFBC}") = "Unity.PlasticSCM.Editor", "Unity.PlasticSCM.Editor.csproj", "{66FB941F-AD10-E3EE-CF95-3DABB3CA504D}"
EndProject
Project("{FAE04EC0-301F-11D3-BF4B-00C04F79EFBC}") = "Unity.ShaderGraph.Editor", "Unity.ShaderGraph.Editor.csproj", "{99C7129C-093F-ABF3-07AC-D6637CC40CA1}"
EndProject
Project("{FAE04EC0-301F-11D3-BF4B-00C04F79EFBC}") = "Unity.VisualStudio.Editor", "Unity.VisualStudio.Editor.csproj", "{6DE14351-88E4-DE86-0CAA-6D49398DE5B6}"
EndProject
Project("{FAE04EC0-301F-11D3-BF4B-00C04F79EFBC}") = "Unity.Timeline.Editor", "Unity.Timeline.Editor.csproj", "{B30621F6-6874-2C05-2FE9-649431C2DE99}"
EndProject
Project("{FAE04EC0-301F-11D3-BF4B-00C04F79EFBC}") = "Unity.TextMeshPro.Editor", "Unity.TextMeshPro.Editor.csproj", "{B01FCDF0-3CE3-C591-A59F-0CB441DB7FF5}"
EndProject
Project("{FAE04EC0-301F-11D3-BF4B-00C04F79EFBC}") = "Unity.2D.Animation.Editor", "Unity.2D.Animation.Editor.csproj", "{9862C686-0AF9-12BA-EF36-85E4CD923E0A}"
EndProject
Project("{FAE04EC0-301F-11D3-BF4B-00C04F79EFBC}") = "Unity.CollabProxy.Editor", "Unity.CollabProxy.Editor.csproj", "{A499C40C-C36B-FD5F-E5E9-0CACE473E797}"
EndProject
Project("{FAE04EC0-301F-11D3-BF4B-00C04F79EFBC}") = "UnityEditor.TestRunner", "UnityEditor.TestRunner.csproj", "{B994B871-BB89-8361-5B24-9299674316E8}"
EndProject
Project("{FAE04EC0-301F-11D3-BF4B-00C04F79EFBC}") = "Unity.Rider.Editor", "Unity.Rider.Editor.csproj", "{1A6F253C-369E-B0DE-FA06-BBCD98D6D570}"
EndProject
Project("{FAE04EC0-301F-11D3-BF4B-00C04F79EFBC}") = "Unity.2D.Path.Editor", "Unity.2D.Path.Editor.csproj", "{399B2DE7-5062-CC23-1C81-FCFF736266EF}"
EndProject
Project("{FAE04EC0-301F-11D3-BF4B-00C04F79EFBC}") = "Unity.RenderPipelines.Universal.Editor", "Unity.RenderPipelines.Universal.Editor.csproj", "{AC3D76F2-B2B5-C5B2-072A-FC935AAF9459}"
EndProject
Project("{FAE04EC0-301F-11D3-BF4B-00C04F79EFBC}") = "Unity.Services.Core.Editor", "Unity.Services.Core.Editor.csproj", "{6543EAD0-F564-AA72-9F38-A3916D70C52D}"
EndProject
Project("{FAE04EC0-301F-11D3-BF4B-00C04F79EFBC}") = "PsdPlugin", "PsdPlugin.csproj", "{8ACE833C-B686-047C-B559-B2EC09030C65}"
EndProject
Project("{FAE04EC0-301F-11D3-BF4B-00C04F79EFBC}") = "Unity.RenderPipelines.Core.Editor", "Unity.RenderPipelines.Core.Editor.csproj", "{651CC23A-AB78-9C6D-744C-7A547F21E09B}"
EndProject
Project("{FAE04EC0-301F-11D3-BF4B-00C04F79EFBC}") = "Unity.Searcher.Editor", "Unity.Searcher.Editor.csproj", "{4D10B081-4E39-E9A5-64A9-27876F86EC27}"
EndProject
Project("{FAE04EC0-301F-11D3-BF4B-00C04F79EFBC}") = "Unity.2D.IK.Editor", "Unity.2D.IK.Editor.csproj", "{0E5755A1-A684-C134-3B8C-BBCF746F5390}"
EndProject
Project("{FAE04EC0-301F-11D3-BF4B-00C04F79EFBC}") = "Unity.2D.Psdimporter.Editor", "Unity.2D.Psdimporter.Editor.csproj", "{55906BB7-45AE-EF99-E81F-99848424D625}"
EndProject
Project("{FAE04EC0-301F-11D3-BF4B-00C04F79EFBC}") = "Unity.2D.SpriteShape.Editor", "Unity.2D.SpriteShape.Editor.csproj", "{0E6E9CED-2594-A7D6-A981-EAB544594C79}"
EndProject
Project("{FAE04EC0-301F-11D3-BF4B-00C04F79EFBC}") = "Unity.2D.Tilemap.Editor", "Unity.2D.Tilemap.Editor.csproj", "{6F99AEA0-E680-A274-2F6C-5E74EB53E057}"
EndProject
Project("{FAE04EC0-301F-11D3-BF4B-00C04F79EFBC}") = "Unity.2D.Animation.Triangle.Editor", "Unity.2D.Animation.Triangle.Editor.csproj", "{03D2275D-3D9B-BC14-D642-3BDFDA263360}"
EndProject
Project("{FAE04EC0-301F-11D3-BF4B-00C04F79EFBC}") = "Unity.2D.PixelPerfect.Editor", "Unity.2D.PixelPerfect.Editor.csproj", "{538BB60D-D0BE-7A44-215C-376C34D6B69A}"
EndProject
Project("{FAE04EC0-301F-11D3-BF4B-00C04F79EFBC}") = "Unity.VSCode.Editor", "Unity.VSCode.Editor.csproj", "{E0AD94B7-A6B0-2127-CD73-DB8BBB3E0861}"
EndProject
Project("{FAE04EC0-301F-11D3-BF4B-00C04F79EFBC}") = "Unity.2D.Sprite.Editor", "Unity.2D.Sprite.Editor.csproj", "{C72644A3-1795-2DA7-0418-1A9177AA8E5D}"
EndProject
Project("{FAE04EC0-301F-11D3-BF4B-00C04F79EFBC}") = "UnityEditor.UI", "UnityEditor.UI.csproj", "{51932BE9-0D66-61BF-B8C1-439C02E3A9C3}"
EndProject
Project("{FAE04EC0-301F-11D3-BF4B-00C04F79EFBC}") = "Unity.Mathematics.Editor", "Unity.Mathematics.Editor.csproj", "{881E65E3-9A4A-F5FC-B8AB-921FC68AF37F}"
EndProject
Project("{FAE04EC0-301F-11D3-BF4B-00C04F79EFBC}") = "Unity.2D.Common.Editor", "Unity.2D.Common.Editor.csproj", "{8A0D0FEA-C4A2-ADE4-2986-5D518F2872FF}"
EndProject
Project("{FAE04EC0-301F-11D3-BF4B-00C04F79EFBC}") = "Unity.InternalAPIEditorBridge.001", "Unity.InternalAPIEditorBridge.001.csproj", "{C200ACBB-053E-DBF5-0FFF-E1C1B5763322}"
EndProject
Project("{FAE04EC0-301F-11D3-BF4B-00C04F79EFBC}") = "Unity.ShaderGraph.Utilities", "Unity.ShaderGraph.Utilities.csproj", "{6A3F1328-87AE-8FEB-7CEE-8B9D55E9482A}"
EndProject
Project("{FAE04EC0-301F-11D3-BF4B-00C04F79EFBC}") = "UnityEngine.UI", "UnityEngine.UI.Player.csproj", "{9682F0AC-792B-C9C0-E40D-4115B53BE33C}"
EndProject
Project("{FAE04EC0-301F-11D3-BF4B-00C04F79EFBC}") = "Unity.RenderPipelines.Core.Runtime", "Unity.RenderPipelines.Core.Runtime.Player.csproj", "{A4770576-DB9D-8D30-8B57-B65B0A7843C8}"
EndProject
Project("{FAE04EC0-301F-11D3-BF4B-00C04F79EFBC}") = "UnityEngine.TestRunner", "UnityEngine.TestRunner.Player.csproj", "{7A7FBDC6-CA21-543C-55E9-D35411283CDE}"
EndProject
Project("{FAE04EC0-301F-11D3-BF4B-00C04F79EFBC}") = "Unity.Mathematics", "Unity.Mathematics.Player.csproj", "{B59D9A32-FF1B-247E-5177-F52FCF56A904}"
EndProject
Project("{FAE04EC0-301F-11D3-BF4B-00C04F79EFBC}") = "Unity.InputSystem", "Unity.InputSystem.Player.csproj", "{AF03DF38-CE7F-F05C-A314-FEFE33A8B428}"
EndProject
Project("{FAE04EC0-301F-11D3-BF4B-00C04F79EFBC}") = "Unity.RenderPipelines.Universal.Runtime", "Unity.RenderPipelines.Universal.Runtime.Player.csproj", "{1D1E481F-10D7-9789-4BE4-447484A3DDDF}"
EndProject
Project("{FAE04EC0-301F-11D3-BF4B-00C04F79EFBC}") = "Unity.2D.Animation.Runtime", "Unity.2D.Animation.Runtime.Player.csproj", "{9B34FA68-7948-7275-DE2B-C441D4923929}"
EndProject
Project("{FAE04EC0-301F-11D3-BF4B-00C04F79EFBC}") = "Unity.TextMeshPro", "Unity.TextMeshPro.Player.csproj", "{E9410C70-6119-3428-2DBA-E6C8EF7EDA69}"
EndProject
Project("{FAE04EC0-301F-11D3-BF4B-00C04F79EFBC}") = "Unity.Timeline", "Unity.Timeline.Player.csproj", "{1D23F477-7D4D-3109-222E-53596BCF930A}"
EndProject
Project("{FAE04EC0-301F-11D3-BF4B-00C04F79EFBC}") = "Unity.2D.SpriteShape.Runtime", "Unity.2D.SpriteShape.Runtime.Player.csproj", "{C69FB7C3-8B82-A05A-60EB-AD28DE0B7685}"
EndProject
Project("{FAE04EC0-301F-11D3-BF4B-00C04F79EFBC}") = "Unity.2D.PixelPerfect", "Unity.2D.PixelPerfect.Player.csproj", "{8A16CA30-58FC-E7BB-67F7-5BF3AA3480EC}"
EndProject
Project("{FAE04EC0-301F-11D3-BF4B-00C04F79EFBC}") = "Unity.2D.IK.Runtime", "Unity.2D.IK.Runtime.Player.csproj", "{58051EE0-B361-1ADA-98D1-DF058FD651EC}"
EndProject
Project("{FAE04EC0-301F-11D3-BF4B-00C04F79EFBC}") = "Unity.2D.Common.Runtime", "Unity.2D.Common.Runtime.Player.csproj", "{ED0BC247-2436-E892-21C8-19CA1CFA2372}"
EndProject
Project("{FAE04EC0-301F-11D3-BF4B-00C04F79EFBC}") = "Unity.RenderPipelines.Core.ShaderLibrary", "Unity.RenderPipelines.Core.ShaderLibrary.Player.csproj", "{D904C932-60DC-9084-51C8-46D800578B61}"
EndProject
Project("{FAE04EC0-301F-11D3-BF4B-00C04F79EFBC}") = "Assembly-CSharp", "Assembly-CSharp.Player.csproj", "{DC4B77C2-8D87-E106-408E-9AAD0C90CEA2}"
EndProject
Project("{FAE04EC0-301F-11D3-BF4B-00C04F79EFBC}") = "Unity.InternalAPIEngineBridge.001", "Unity.InternalAPIEngineBridge.001.Player.csproj", "{B9B0590C-8AE1-E533-8DE6-F2F1CD6BD86A}"
EndProject
Project("{FAE04EC0-301F-11D3-BF4B-00C04F79EFBC}") = "Unity.RenderPipeline.Universal.ShaderLibrary", "Unity.RenderPipeline.Universal.ShaderLibrary.Player.csproj", "{DBF5D478-34F0-E697-47B5-1E124ECF835C}"
EndProject
Project("{FAE04EC0-301F-11D3-BF4B-00C04F79EFBC}") = "Unity.RenderPipelines.Universal.Shaders", "Unity.RenderPipelines.Universal.Shaders.Player.csproj", "{25E7D648-916E-945E-3D41-2220B2C2463D}"
EndProject
Project("{FAE04EC0-301F-11D3-BF4B-00C04F79EFBC}") = "Unity.RenderPipelines.ShaderGraph.ShaderGraphLibrary", "Unity.RenderPipelines.ShaderGraph.ShaderGraphLibrary.Player.csproj", "{B020C997-3575-81AA-82F2-919E1590D10E}"
EndProject
Global
	GlobalSection(SolutionConfigurationPlatforms) = preSolution
		Debug|Any CPU = Debug|Any CPU
		Release|Any CPU = Release|Any CPU
	EndGlobalSection
	GlobalSection(ProjectConfigurationPlatforms) = postSolution
		{B6804EDD-A074-6E1D-6EEA-926679C69B60}.Debug|Any CPU.ActiveCfg = Debug|Any CPU
		{B6804EDD-A074-6E1D-6EEA-926679C69B60}.Debug|Any CPU.Build.0 = Debug|Any CPU
		{B6804EDD-A074-6E1D-6EEA-926679C69B60}.Release|Any CPU.ActiveCfg = Release|Any CPU
		{B6804EDD-A074-6E1D-6EEA-926679C69B60}.Release|Any CPU.Build.0 = Release|Any CPU
		{82BCCFB2-FBDC-CB70-55A3-E1F71D1746CB}.Debug|Any CPU.ActiveCfg = Debug|Any CPU
		{82BCCFB2-FBDC-CB70-55A3-E1F71D1746CB}.Debug|Any CPU.Build.0 = Debug|Any CPU
		{82BCCFB2-FBDC-CB70-55A3-E1F71D1746CB}.Release|Any CPU.ActiveCfg = Release|Any CPU
		{82BCCFB2-FBDC-CB70-55A3-E1F71D1746CB}.Release|Any CPU.Build.0 = Release|Any CPU
		{E5538F4A-DDF5-54A4-1B2F-D3C684374E49}.Debug|Any CPU.ActiveCfg = Debug|Any CPU
		{E5538F4A-DDF5-54A4-1B2F-D3C684374E49}.Debug|Any CPU.Build.0 = Debug|Any CPU
		{E5538F4A-DDF5-54A4-1B2F-D3C684374E49}.Release|Any CPU.ActiveCfg = Release|Any CPU
		{E5538F4A-DDF5-54A4-1B2F-D3C684374E49}.Release|Any CPU.Build.0 = Release|Any CPU
		{63535416-C002-6CBA-0CAA-1E95DCAA33BF}.Debug|Any CPU.ActiveCfg = Debug|Any CPU
		{63535416-C002-6CBA-0CAA-1E95DCAA33BF}.Debug|Any CPU.Build.0 = Debug|Any CPU
		{63535416-C002-6CBA-0CAA-1E95DCAA33BF}.Release|Any CPU.ActiveCfg = Release|Any CPU
		{63535416-C002-6CBA-0CAA-1E95DCAA33BF}.Release|Any CPU.Build.0 = Release|Any CPU
		{5BA6D13D-4643-DD82-0F42-06F78CEDB0A7}.Debug|Any CPU.ActiveCfg = Debug|Any CPU
		{5BA6D13D-4643-DD82-0F42-06F78CEDB0A7}.Debug|Any CPU.Build.0 = Debug|Any CPU
		{5BA6D13D-4643-DD82-0F42-06F78CEDB0A7}.Release|Any CPU.ActiveCfg = Release|Any CPU
		{5BA6D13D-4643-DD82-0F42-06F78CEDB0A7}.Release|Any CPU.Build.0 = Release|Any CPU
		{EB6EAAA0-7247-3AA6-2A77-E105622A9883}.Debug|Any CPU.ActiveCfg = Debug|Any CPU
		{EB6EAAA0-7247-3AA6-2A77-E105622A9883}.Debug|Any CPU.Build.0 = Debug|Any CPU
		{EB6EAAA0-7247-3AA6-2A77-E105622A9883}.Release|Any CPU.ActiveCfg = Release|Any CPU
		{EB6EAAA0-7247-3AA6-2A77-E105622A9883}.Release|Any CPU.Build.0 = Release|Any CPU
		{384D2E83-A439-124A-B388-44E238A2704A}.Debug|Any CPU.ActiveCfg = Debug|Any CPU
		{384D2E83-A439-124A-B388-44E238A2704A}.Debug|Any CPU.Build.0 = Debug|Any CPU
		{384D2E83-A439-124A-B388-44E238A2704A}.Release|Any CPU.ActiveCfg = Release|Any CPU
		{384D2E83-A439-124A-B388-44E238A2704A}.Release|Any CPU.Build.0 = Release|Any CPU
		{3DF98EF5-E7E2-0F60-9B2B-81D6F08B3DDD}.Debug|Any CPU.ActiveCfg = Debug|Any CPU
		{3DF98EF5-E7E2-0F60-9B2B-81D6F08B3DDD}.Debug|Any CPU.Build.0 = Debug|Any CPU
		{3DF98EF5-E7E2-0F60-9B2B-81D6F08B3DDD}.Release|Any CPU.ActiveCfg = Release|Any CPU
		{3DF98EF5-E7E2-0F60-9B2B-81D6F08B3DDD}.Release|Any CPU.Build.0 = Release|Any CPU
		{F85EED96-758A-8949-1696-0C2D09AF7C22}.Debug|Any CPU.ActiveCfg = Debug|Any CPU
		{F85EED96-758A-8949-1696-0C2D09AF7C22}.Debug|Any CPU.Build.0 = Debug|Any CPU
		{F85EED96-758A-8949-1696-0C2D09AF7C22}.Release|Any CPU.ActiveCfg = Release|Any CPU
		{F85EED96-758A-8949-1696-0C2D09AF7C22}.Release|Any CPU.Build.0 = Release|Any CPU
		{F35D3AD2-74F7-F81B-102B-BE985D72FC05}.Debug|Any CPU.ActiveCfg = Debug|Any CPU
		{F35D3AD2-74F7-F81B-102B-BE985D72FC05}.Debug|Any CPU.Build.0 = Debug|Any CPU
		{F35D3AD2-74F7-F81B-102B-BE985D72FC05}.Release|Any CPU.ActiveCfg = Release|Any CPU
		{F35D3AD2-74F7-F81B-102B-BE985D72FC05}.Release|Any CPU.Build.0 = Release|Any CPU
		{8B972C95-ACAB-F420-9615-869CA9E72D2F}.Debug|Any CPU.ActiveCfg = Debug|Any CPU
		{8B972C95-ACAB-F420-9615-869CA9E72D2F}.Debug|Any CPU.Build.0 = Debug|Any CPU
		{8B972C95-ACAB-F420-9615-869CA9E72D2F}.Release|Any CPU.ActiveCfg = Release|Any CPU
		{8B972C95-ACAB-F420-9615-869CA9E72D2F}.Release|Any CPU.Build.0 = Release|Any CPU
		{C25AB02F-6299-CA10-F671-B8DD640922A4}.Debug|Any CPU.ActiveCfg = Debug|Any CPU
		{C25AB02F-6299-CA10-F671-B8DD640922A4}.Debug|Any CPU.Build.0 = Debug|Any CPU
		{C25AB02F-6299-CA10-F671-B8DD640922A4}.Release|Any CPU.ActiveCfg = Release|Any CPU
		{C25AB02F-6299-CA10-F671-B8DD640922A4}.Release|Any CPU.Build.0 = Release|Any CPU
		{DB07C06A-E356-73A3-3701-012E15FE25BD}.Debug|Any CPU.ActiveCfg = Debug|Any CPU
		{DB07C06A-E356-73A3-3701-012E15FE25BD}.Debug|Any CPU.Build.0 = Debug|Any CPU
		{DB07C06A-E356-73A3-3701-012E15FE25BD}.Release|Any CPU.ActiveCfg = Release|Any CPU
		{DB07C06A-E356-73A3-3701-012E15FE25BD}.Release|Any CPU.Build.0 = Release|Any CPU
		{816597E1-F909-24EA-8BD4-CDC40B77A6CC}.Debug|Any CPU.ActiveCfg = Debug|Any CPU
		{816597E1-F909-24EA-8BD4-CDC40B77A6CC}.Debug|Any CPU.Build.0 = Debug|Any CPU
		{816597E1-F909-24EA-8BD4-CDC40B77A6CC}.Release|Any CPU.ActiveCfg = Release|Any CPU
		{816597E1-F909-24EA-8BD4-CDC40B77A6CC}.Release|Any CPU.Build.0 = Release|Any CPU
		{2D7C5A03-00D6-E8C6-0EBD-A58DE11D2A59}.Debug|Any CPU.ActiveCfg = Debug|Any CPU
		{2D7C5A03-00D6-E8C6-0EBD-A58DE11D2A59}.Debug|Any CPU.Build.0 = Debug|Any CPU
		{2D7C5A03-00D6-E8C6-0EBD-A58DE11D2A59}.Release|Any CPU.ActiveCfg = Release|Any CPU
		{2D7C5A03-00D6-E8C6-0EBD-A58DE11D2A59}.Release|Any CPU.Build.0 = Release|Any CPU
		{69F96EAA-4539-F6A3-DEC4-8E7FCAFBEBE7}.Debug|Any CPU.ActiveCfg = Debug|Any CPU
		{69F96EAA-4539-F6A3-DEC4-8E7FCAFBEBE7}.Debug|Any CPU.Build.0 = Debug|Any CPU
		{69F96EAA-4539-F6A3-DEC4-8E7FCAFBEBE7}.Release|Any CPU.ActiveCfg = Release|Any CPU
		{69F96EAA-4539-F6A3-DEC4-8E7FCAFBEBE7}.Release|Any CPU.Build.0 = Release|Any CPU
		{9BA12B80-4CC1-399D-9C5A-164218FBFED1}.Debug|Any CPU.ActiveCfg = Debug|Any CPU
		{9BA12B80-4CC1-399D-9C5A-164218FBFED1}.Debug|Any CPU.Build.0 = Debug|Any CPU
		{9BA12B80-4CC1-399D-9C5A-164218FBFED1}.Release|Any CPU.ActiveCfg = Release|Any CPU
		{9BA12B80-4CC1-399D-9C5A-164218FBFED1}.Release|Any CPU.Build.0 = Release|Any CPU
		{0FCD0387-3370-5A31-BCB1-90F232D185C2}.Debug|Any CPU.ActiveCfg = Debug|Any CPU
		{0FCD0387-3370-5A31-BCB1-90F232D185C2}.Debug|Any CPU.Build.0 = Debug|Any CPU
		{0FCD0387-3370-5A31-BCB1-90F232D185C2}.Release|Any CPU.ActiveCfg = Release|Any CPU
		{0FCD0387-3370-5A31-BCB1-90F232D185C2}.Release|Any CPU.Build.0 = Release|Any CPU
		{8D3CFA32-8528-B806-152B-8680E593736F}.Debug|Any CPU.ActiveCfg = Debug|Any CPU
		{8D3CFA32-8528-B806-152B-8680E593736F}.Debug|Any CPU.Build.0 = Debug|Any CPU
		{8D3CFA32-8528-B806-152B-8680E593736F}.Release|Any CPU.ActiveCfg = Release|Any CPU
		{8D3CFA32-8528-B806-152B-8680E593736F}.Release|Any CPU.Build.0 = Release|Any CPU
		{66FB941F-AD10-E3EE-CF95-3DABB3CA504D}.Debug|Any CPU.ActiveCfg = Debug|Any CPU
		{66FB941F-AD10-E3EE-CF95-3DABB3CA504D}.Debug|Any CPU.Build.0 = Debug|Any CPU
		{66FB941F-AD10-E3EE-CF95-3DABB3CA504D}.Release|Any CPU.ActiveCfg = Release|Any CPU
		{66FB941F-AD10-E3EE-CF95-3DABB3CA504D}.Release|Any CPU.Build.0 = Release|Any CPU
		{99C7129C-093F-ABF3-07AC-D6637CC40CA1}.Debug|Any CPU.ActiveCfg = Debug|Any CPU
		{99C7129C-093F-ABF3-07AC-D6637CC40CA1}.Debug|Any CPU.Build.0 = Debug|Any CPU
		{99C7129C-093F-ABF3-07AC-D6637CC40CA1}.Release|Any CPU.ActiveCfg = Release|Any CPU
		{99C7129C-093F-ABF3-07AC-D6637CC40CA1}.Release|Any CPU.Build.0 = Release|Any CPU
		{6DE14351-88E4-DE86-0CAA-6D49398DE5B6}.Debug|Any CPU.ActiveCfg = Debug|Any CPU
		{6DE14351-88E4-DE86-0CAA-6D49398DE5B6}.Debug|Any CPU.Build.0 = Debug|Any CPU
		{6DE14351-88E4-DE86-0CAA-6D49398DE5B6}.Release|Any CPU.ActiveCfg = Release|Any CPU
		{6DE14351-88E4-DE86-0CAA-6D49398DE5B6}.Release|Any CPU.Build.0 = Release|Any CPU
		{B30621F6-6874-2C05-2FE9-649431C2DE99}.Debug|Any CPU.ActiveCfg = Debug|Any CPU
		{B30621F6-6874-2C05-2FE9-649431C2DE99}.Debug|Any CPU.Build.0 = Debug|Any CPU
		{B30621F6-6874-2C05-2FE9-649431C2DE99}.Release|Any CPU.ActiveCfg = Release|Any CPU
		{B30621F6-6874-2C05-2FE9-649431C2DE99}.Release|Any CPU.Build.0 = Release|Any CPU
		{B01FCDF0-3CE3-C591-A59F-0CB441DB7FF5}.Debug|Any CPU.ActiveCfg = Debug|Any CPU
		{B01FCDF0-3CE3-C591-A59F-0CB441DB7FF5}.Debug|Any CPU.Build.0 = Debug|Any CPU
		{B01FCDF0-3CE3-C591-A59F-0CB441DB7FF5}.Release|Any CPU.ActiveCfg = Release|Any CPU
		{B01FCDF0-3CE3-C591-A59F-0CB441DB7FF5}.Release|Any CPU.Build.0 = Release|Any CPU
		{9862C686-0AF9-12BA-EF36-85E4CD923E0A}.Debug|Any CPU.ActiveCfg = Debug|Any CPU
		{9862C686-0AF9-12BA-EF36-85E4CD923E0A}.Debug|Any CPU.Build.0 = Debug|Any CPU
		{9862C686-0AF9-12BA-EF36-85E4CD923E0A}.Release|Any CPU.ActiveCfg = Release|Any CPU
		{9862C686-0AF9-12BA-EF36-85E4CD923E0A}.Release|Any CPU.Build.0 = Release|Any CPU
		{A499C40C-C36B-FD5F-E5E9-0CACE473E797}.Debug|Any CPU.ActiveCfg = Debug|Any CPU
		{A499C40C-C36B-FD5F-E5E9-0CACE473E797}.Debug|Any CPU.Build.0 = Debug|Any CPU
		{A499C40C-C36B-FD5F-E5E9-0CACE473E797}.Release|Any CPU.ActiveCfg = Release|Any CPU
		{A499C40C-C36B-FD5F-E5E9-0CACE473E797}.Release|Any CPU.Build.0 = Release|Any CPU
		{B994B871-BB89-8361-5B24-9299674316E8}.Debug|Any CPU.ActiveCfg = Debug|Any CPU
		{B994B871-BB89-8361-5B24-9299674316E8}.Debug|Any CPU.Build.0 = Debug|Any CPU
		{B994B871-BB89-8361-5B24-9299674316E8}.Release|Any CPU.ActiveCfg = Release|Any CPU
		{B994B871-BB89-8361-5B24-9299674316E8}.Release|Any CPU.Build.0 = Release|Any CPU
		{1A6F253C-369E-B0DE-FA06-BBCD98D6D570}.Debug|Any CPU.ActiveCfg = Debug|Any CPU
		{1A6F253C-369E-B0DE-FA06-BBCD98D6D570}.Debug|Any CPU.Build.0 = Debug|Any CPU
		{1A6F253C-369E-B0DE-FA06-BBCD98D6D570}.Release|Any CPU.ActiveCfg = Release|Any CPU
		{1A6F253C-369E-B0DE-FA06-BBCD98D6D570}.Release|Any CPU.Build.0 = Release|Any CPU
		{399B2DE7-5062-CC23-1C81-FCFF736266EF}.Debug|Any CPU.ActiveCfg = Debug|Any CPU
		{399B2DE7-5062-CC23-1C81-FCFF736266EF}.Debug|Any CPU.Build.0 = Debug|Any CPU
		{399B2DE7-5062-CC23-1C81-FCFF736266EF}.Release|Any CPU.ActiveCfg = Release|Any CPU
		{399B2DE7-5062-CC23-1C81-FCFF736266EF}.Release|Any CPU.Build.0 = Release|Any CPU
		{AC3D76F2-B2B5-C5B2-072A-FC935AAF9459}.Debug|Any CPU.ActiveCfg = Debug|Any CPU
		{AC3D76F2-B2B5-C5B2-072A-FC935AAF9459}.Debug|Any CPU.Build.0 = Debug|Any CPU
		{AC3D76F2-B2B5-C5B2-072A-FC935AAF9459}.Release|Any CPU.ActiveCfg = Release|Any CPU
		{AC3D76F2-B2B5-C5B2-072A-FC935AAF9459}.Release|Any CPU.Build.0 = Release|Any CPU
		{6543EAD0-F564-AA72-9F38-A3916D70C52D}.Debug|Any CPU.ActiveCfg = Debug|Any CPU
		{6543EAD0-F564-AA72-9F38-A3916D70C52D}.Debug|Any CPU.Build.0 = Debug|Any CPU
		{6543EAD0-F564-AA72-9F38-A3916D70C52D}.Release|Any CPU.ActiveCfg = Release|Any CPU
		{6543EAD0-F564-AA72-9F38-A3916D70C52D}.Release|Any CPU.Build.0 = Release|Any CPU
		{8ACE833C-B686-047C-B559-B2EC09030C65}.Debug|Any CPU.ActiveCfg = Debug|Any CPU
		{8ACE833C-B686-047C-B559-B2EC09030C65}.Debug|Any CPU.Build.0 = Debug|Any CPU
		{8ACE833C-B686-047C-B559-B2EC09030C65}.Release|Any CPU.ActiveCfg = Release|Any CPU
		{8ACE833C-B686-047C-B559-B2EC09030C65}.Release|Any CPU.Build.0 = Release|Any CPU
		{651CC23A-AB78-9C6D-744C-7A547F21E09B}.Debug|Any CPU.ActiveCfg = Debug|Any CPU
		{651CC23A-AB78-9C6D-744C-7A547F21E09B}.Debug|Any CPU.Build.0 = Debug|Any CPU
		{651CC23A-AB78-9C6D-744C-7A547F21E09B}.Release|Any CPU.ActiveCfg = Release|Any CPU
		{651CC23A-AB78-9C6D-744C-7A547F21E09B}.Release|Any CPU.Build.0 = Release|Any CPU
		{4D10B081-4E39-E9A5-64A9-27876F86EC27}.Debug|Any CPU.ActiveCfg = Debug|Any CPU
		{4D10B081-4E39-E9A5-64A9-27876F86EC27}.Debug|Any CPU.Build.0 = Debug|Any CPU
		{4D10B081-4E39-E9A5-64A9-27876F86EC27}.Release|Any CPU.ActiveCfg = Release|Any CPU
		{4D10B081-4E39-E9A5-64A9-27876F86EC27}.Release|Any CPU.Build.0 = Release|Any CPU
		{0E5755A1-A684-C134-3B8C-BBCF746F5390}.Debug|Any CPU.ActiveCfg = Debug|Any CPU
		{0E5755A1-A684-C134-3B8C-BBCF746F5390}.Debug|Any CPU.Build.0 = Debug|Any CPU
		{0E5755A1-A684-C134-3B8C-BBCF746F5390}.Release|Any CPU.ActiveCfg = Release|Any CPU
		{0E5755A1-A684-C134-3B8C-BBCF746F5390}.Release|Any CPU.Build.0 = Release|Any CPU
		{55906BB7-45AE-EF99-E81F-99848424D625}.Debug|Any CPU.ActiveCfg = Debug|Any CPU
		{55906BB7-45AE-EF99-E81F-99848424D625}.Debug|Any CPU.Build.0 = Debug|Any CPU
		{55906BB7-45AE-EF99-E81F-99848424D625}.Release|Any CPU.ActiveCfg = Release|Any CPU
		{55906BB7-45AE-EF99-E81F-99848424D625}.Release|Any CPU.Build.0 = Release|Any CPU
		{0E6E9CED-2594-A7D6-A981-EAB544594C79}.Debug|Any CPU.ActiveCfg = Debug|Any CPU
		{0E6E9CED-2594-A7D6-A981-EAB544594C79}.Debug|Any CPU.Build.0 = Debug|Any CPU
		{0E6E9CED-2594-A7D6-A981-EAB544594C79}.Release|Any CPU.ActiveCfg = Release|Any CPU
		{0E6E9CED-2594-A7D6-A981-EAB544594C79}.Release|Any CPU.Build.0 = Release|Any CPU
		{6F99AEA0-E680-A274-2F6C-5E74EB53E057}.Debug|Any CPU.ActiveCfg = Debug|Any CPU
		{6F99AEA0-E680-A274-2F6C-5E74EB53E057}.Debug|Any CPU.Build.0 = Debug|Any CPU
		{6F99AEA0-E680-A274-2F6C-5E74EB53E057}.Release|Any CPU.ActiveCfg = Release|Any CPU
		{6F99AEA0-E680-A274-2F6C-5E74EB53E057}.Release|Any CPU.Build.0 = Release|Any CPU
		{03D2275D-3D9B-BC14-D642-3BDFDA263360}.Debug|Any CPU.ActiveCfg = Debug|Any CPU
		{03D2275D-3D9B-BC14-D642-3BDFDA263360}.Debug|Any CPU.Build.0 = Debug|Any CPU
		{03D2275D-3D9B-BC14-D642-3BDFDA263360}.Release|Any CPU.ActiveCfg = Release|Any CPU
		{03D2275D-3D9B-BC14-D642-3BDFDA263360}.Release|Any CPU.Build.0 = Release|Any CPU
		{538BB60D-D0BE-7A44-215C-376C34D6B69A}.Debug|Any CPU.ActiveCfg = Debug|Any CPU
		{538BB60D-D0BE-7A44-215C-376C34D6B69A}.Debug|Any CPU.Build.0 = Debug|Any CPU
		{538BB60D-D0BE-7A44-215C-376C34D6B69A}.Release|Any CPU.ActiveCfg = Release|Any CPU
		{538BB60D-D0BE-7A44-215C-376C34D6B69A}.Release|Any CPU.Build.0 = Release|Any CPU
		{E0AD94B7-A6B0-2127-CD73-DB8BBB3E0861}.Debug|Any CPU.ActiveCfg = Debug|Any CPU
		{E0AD94B7-A6B0-2127-CD73-DB8BBB3E0861}.Debug|Any CPU.Build.0 = Debug|Any CPU
		{E0AD94B7-A6B0-2127-CD73-DB8BBB3E0861}.Release|Any CPU.ActiveCfg = Release|Any CPU
		{E0AD94B7-A6B0-2127-CD73-DB8BBB3E0861}.Release|Any CPU.Build.0 = Release|Any CPU
		{C72644A3-1795-2DA7-0418-1A9177AA8E5D}.Debug|Any CPU.ActiveCfg = Debug|Any CPU
		{C72644A3-1795-2DA7-0418-1A9177AA8E5D}.Debug|Any CPU.Build.0 = Debug|Any CPU
		{C72644A3-1795-2DA7-0418-1A9177AA8E5D}.Release|Any CPU.ActiveCfg = Release|Any CPU
		{C72644A3-1795-2DA7-0418-1A9177AA8E5D}.Release|Any CPU.Build.0 = Release|Any CPU
		{51932BE9-0D66-61BF-B8C1-439C02E3A9C3}.Debug|Any CPU.ActiveCfg = Debug|Any CPU
		{51932BE9-0D66-61BF-B8C1-439C02E3A9C3}.Debug|Any CPU.Build.0 = Debug|Any CPU
		{51932BE9-0D66-61BF-B8C1-439C02E3A9C3}.Release|Any CPU.ActiveCfg = Release|Any CPU
		{51932BE9-0D66-61BF-B8C1-439C02E3A9C3}.Release|Any CPU.Build.0 = Release|Any CPU
		{881E65E3-9A4A-F5FC-B8AB-921FC68AF37F}.Debug|Any CPU.ActiveCfg = Debug|Any CPU
		{881E65E3-9A4A-F5FC-B8AB-921FC68AF37F}.Debug|Any CPU.Build.0 = Debug|Any CPU
		{881E65E3-9A4A-F5FC-B8AB-921FC68AF37F}.Release|Any CPU.ActiveCfg = Release|Any CPU
		{881E65E3-9A4A-F5FC-B8AB-921FC68AF37F}.Release|Any CPU.Build.0 = Release|Any CPU
		{8A0D0FEA-C4A2-ADE4-2986-5D518F2872FF}.Debug|Any CPU.ActiveCfg = Debug|Any CPU
		{8A0D0FEA-C4A2-ADE4-2986-5D518F2872FF}.Debug|Any CPU.Build.0 = Debug|Any CPU
		{8A0D0FEA-C4A2-ADE4-2986-5D518F2872FF}.Release|Any CPU.ActiveCfg = Release|Any CPU
		{8A0D0FEA-C4A2-ADE4-2986-5D518F2872FF}.Release|Any CPU.Build.0 = Release|Any CPU
		{C200ACBB-053E-DBF5-0FFF-E1C1B5763322}.Debug|Any CPU.ActiveCfg = Debug|Any CPU
		{C200ACBB-053E-DBF5-0FFF-E1C1B5763322}.Debug|Any CPU.Build.0 = Debug|Any CPU
		{C200ACBB-053E-DBF5-0FFF-E1C1B5763322}.Release|Any CPU.ActiveCfg = Release|Any CPU
		{C200ACBB-053E-DBF5-0FFF-E1C1B5763322}.Release|Any CPU.Build.0 = Release|Any CPU
		{6A3F1328-87AE-8FEB-7CEE-8B9D55E9482A}.Debug|Any CPU.ActiveCfg = Debug|Any CPU
		{6A3F1328-87AE-8FEB-7CEE-8B9D55E9482A}.Debug|Any CPU.Build.0 = Debug|Any CPU
		{6A3F1328-87AE-8FEB-7CEE-8B9D55E9482A}.Release|Any CPU.ActiveCfg = Release|Any CPU
		{6A3F1328-87AE-8FEB-7CEE-8B9D55E9482A}.Release|Any CPU.Build.0 = Release|Any CPU
		{9682F0AC-792B-C9C0-E40D-4115B53BE33C}.Debug|Any CPU.ActiveCfg = Debug|Any CPU
		{9682F0AC-792B-C9C0-E40D-4115B53BE33C}.Debug|Any CPU.Build.0 = Debug|Any CPU
		{9682F0AC-792B-C9C0-E40D-4115B53BE33C}.Release|Any CPU.ActiveCfg = Release|Any CPU
		{9682F0AC-792B-C9C0-E40D-4115B53BE33C}.Release|Any CPU.Build.0 = Release|Any CPU
		{A4770576-DB9D-8D30-8B57-B65B0A7843C8}.Debug|Any CPU.ActiveCfg = Debug|Any CPU
		{A4770576-DB9D-8D30-8B57-B65B0A7843C8}.Debug|Any CPU.Build.0 = Debug|Any CPU
		{A4770576-DB9D-8D30-8B57-B65B0A7843C8}.Release|Any CPU.ActiveCfg = Release|Any CPU
		{A4770576-DB9D-8D30-8B57-B65B0A7843C8}.Release|Any CPU.Build.0 = Release|Any CPU
		{7A7FBDC6-CA21-543C-55E9-D35411283CDE}.Debug|Any CPU.ActiveCfg = Debug|Any CPU
		{7A7FBDC6-CA21-543C-55E9-D35411283CDE}.Debug|Any CPU.Build.0 = Debug|Any CPU
		{7A7FBDC6-CA21-543C-55E9-D35411283CDE}.Release|Any CPU.ActiveCfg = Release|Any CPU
		{7A7FBDC6-CA21-543C-55E9-D35411283CDE}.Release|Any CPU.Build.0 = Release|Any CPU
		{B59D9A32-FF1B-247E-5177-F52FCF56A904}.Debug|Any CPU.ActiveCfg = Debug|Any CPU
		{B59D9A32-FF1B-247E-5177-F52FCF56A904}.Debug|Any CPU.Build.0 = Debug|Any CPU
		{B59D9A32-FF1B-247E-5177-F52FCF56A904}.Release|Any CPU.ActiveCfg = Release|Any CPU
		{B59D9A32-FF1B-247E-5177-F52FCF56A904}.Release|Any CPU.Build.0 = Release|Any CPU
		{AF03DF38-CE7F-F05C-A314-FEFE33A8B428}.Debug|Any CPU.ActiveCfg = Debug|Any CPU
		{AF03DF38-CE7F-F05C-A314-FEFE33A8B428}.Debug|Any CPU.Build.0 = Debug|Any CPU
		{AF03DF38-CE7F-F05C-A314-FEFE33A8B428}.Release|Any CPU.ActiveCfg = Release|Any CPU
		{AF03DF38-CE7F-F05C-A314-FEFE33A8B428}.Release|Any CPU.Build.0 = Release|Any CPU
		{1D1E481F-10D7-9789-4BE4-447484A3DDDF}.Debug|Any CPU.ActiveCfg = Debug|Any CPU
		{1D1E481F-10D7-9789-4BE4-447484A3DDDF}.Debug|Any CPU.Build.0 = Debug|Any CPU
		{1D1E481F-10D7-9789-4BE4-447484A3DDDF}.Release|Any CPU.ActiveCfg = Release|Any CPU
		{1D1E481F-10D7-9789-4BE4-447484A3DDDF}.Release|Any CPU.Build.0 = Release|Any CPU
		{9B34FA68-7948-7275-DE2B-C441D4923929}.Debug|Any CPU.ActiveCfg = Debug|Any CPU
		{9B34FA68-7948-7275-DE2B-C441D4923929}.Debug|Any CPU.Build.0 = Debug|Any CPU
		{9B34FA68-7948-7275-DE2B-C441D4923929}.Release|Any CPU.ActiveCfg = Release|Any CPU
		{9B34FA68-7948-7275-DE2B-C441D4923929}.Release|Any CPU.Build.0 = Release|Any CPU
		{E9410C70-6119-3428-2DBA-E6C8EF7EDA69}.Debug|Any CPU.ActiveCfg = Debug|Any CPU
		{E9410C70-6119-3428-2DBA-E6C8EF7EDA69}.Debug|Any CPU.Build.0 = Debug|Any CPU
		{E9410C70-6119-3428-2DBA-E6C8EF7EDA69}.Release|Any CPU.ActiveCfg = Release|Any CPU
		{E9410C70-6119-3428-2DBA-E6C8EF7EDA69}.Release|Any CPU.Build.0 = Release|Any CPU
		{1D23F477-7D4D-3109-222E-53596BCF930A}.Debug|Any CPU.ActiveCfg = Debug|Any CPU
		{1D23F477-7D4D-3109-222E-53596BCF930A}.Debug|Any CPU.Build.0 = Debug|Any CPU
		{1D23F477-7D4D-3109-222E-53596BCF930A}.Release|Any CPU.ActiveCfg = Release|Any CPU
		{1D23F477-7D4D-3109-222E-53596BCF930A}.Release|Any CPU.Build.0 = Release|Any CPU
		{C69FB7C3-8B82-A05A-60EB-AD28DE0B7685}.Debug|Any CPU.ActiveCfg = Debug|Any CPU
		{C69FB7C3-8B82-A05A-60EB-AD28DE0B7685}.Debug|Any CPU.Build.0 = Debug|Any CPU
		{C69FB7C3-8B82-A05A-60EB-AD28DE0B7685}.Release|Any CPU.ActiveCfg = Release|Any CPU
		{C69FB7C3-8B82-A05A-60EB-AD28DE0B7685}.Release|Any CPU.Build.0 = Release|Any CPU
		{8A16CA30-58FC-E7BB-67F7-5BF3AA3480EC}.Debug|Any CPU.ActiveCfg = Debug|Any CPU
		{8A16CA30-58FC-E7BB-67F7-5BF3AA3480EC}.Debug|Any CPU.Build.0 = Debug|Any CPU
		{8A16CA30-58FC-E7BB-67F7-5BF3AA3480EC}.Release|Any CPU.ActiveCfg = Release|Any CPU
		{8A16CA30-58FC-E7BB-67F7-5BF3AA3480EC}.Release|Any CPU.Build.0 = Release|Any CPU
		{58051EE0-B361-1ADA-98D1-DF058FD651EC}.Debug|Any CPU.ActiveCfg = Debug|Any CPU
		{58051EE0-B361-1ADA-98D1-DF058FD651EC}.Debug|Any CPU.Build.0 = Debug|Any CPU
		{58051EE0-B361-1ADA-98D1-DF058FD651EC}.Release|Any CPU.ActiveCfg = Release|Any CPU
		{58051EE0-B361-1ADA-98D1-DF058FD651EC}.Release|Any CPU.Build.0 = Release|Any CPU
		{ED0BC247-2436-E892-21C8-19CA1CFA2372}.Debug|Any CPU.ActiveCfg = Debug|Any CPU
		{ED0BC247-2436-E892-21C8-19CA1CFA2372}.Debug|Any CPU.Build.0 = Debug|Any CPU
		{ED0BC247-2436-E892-21C8-19CA1CFA2372}.Release|Any CPU.ActiveCfg = Release|Any CPU
		{ED0BC247-2436-E892-21C8-19CA1CFA2372}.Release|Any CPU.Build.0 = Release|Any CPU
		{D904C932-60DC-9084-51C8-46D800578B61}.Debug|Any CPU.ActiveCfg = Debug|Any CPU
		{D904C932-60DC-9084-51C8-46D800578B61}.Debug|Any CPU.Build.0 = Debug|Any CPU
		{D904C932-60DC-9084-51C8-46D800578B61}.Release|Any CPU.ActiveCfg = Release|Any CPU
		{D904C932-60DC-9084-51C8-46D800578B61}.Release|Any CPU.Build.0 = Release|Any CPU
		{DC4B77C2-8D87-E106-408E-9AAD0C90CEA2}.Debug|Any CPU.ActiveCfg = Debug|Any CPU
		{DC4B77C2-8D87-E106-408E-9AAD0C90CEA2}.Debug|Any CPU.Build.0 = Debug|Any CPU
		{DC4B77C2-8D87-E106-408E-9AAD0C90CEA2}.Release|Any CPU.ActiveCfg = Release|Any CPU
		{DC4B77C2-8D87-E106-408E-9AAD0C90CEA2}.Release|Any CPU.Build.0 = Release|Any CPU
		{B9B0590C-8AE1-E533-8DE6-F2F1CD6BD86A}.Debug|Any CPU.ActiveCfg = Debug|Any CPU
		{B9B0590C-8AE1-E533-8DE6-F2F1CD6BD86A}.Debug|Any CPU.Build.0 = Debug|Any CPU
		{B9B0590C-8AE1-E533-8DE6-F2F1CD6BD86A}.Release|Any CPU.ActiveCfg = Release|Any CPU
		{B9B0590C-8AE1-E533-8DE6-F2F1CD6BD86A}.Release|Any CPU.Build.0 = Release|Any CPU
		{DBF5D478-34F0-E697-47B5-1E124ECF835C}.Debug|Any CPU.ActiveCfg = Debug|Any CPU
		{DBF5D478-34F0-E697-47B5-1E124ECF835C}.Debug|Any CPU.Build.0 = Debug|Any CPU
		{DBF5D478-34F0-E697-47B5-1E124ECF835C}.Release|Any CPU.ActiveCfg = Release|Any CPU
		{DBF5D478-34F0-E697-47B5-1E124ECF835C}.Release|Any CPU.Build.0 = Release|Any CPU
		{25E7D648-916E-945E-3D41-2220B2C2463D}.Debug|Any CPU.ActiveCfg = Debug|Any CPU
		{25E7D648-916E-945E-3D41-2220B2C2463D}.Debug|Any CPU.Build.0 = Debug|Any CPU
		{25E7D648-916E-945E-3D41-2220B2C2463D}.Release|Any CPU.ActiveCfg = Release|Any CPU
		{25E7D648-916E-945E-3D41-2220B2C2463D}.Release|Any CPU.Build.0 = Release|Any CPU
		{B020C997-3575-81AA-82F2-919E1590D10E}.Debug|Any CPU.ActiveCfg = Debug|Any CPU
		{B020C997-3575-81AA-82F2-919E1590D10E}.Debug|Any CPU.Build.0 = Debug|Any CPU
		{B020C997-3575-81AA-82F2-919E1590D10E}.Release|Any CPU.ActiveCfg = Release|Any CPU
		{B020C997-3575-81AA-82F2-919E1590D10E}.Release|Any CPU.Build.0 = Release|Any CPU
	EndGlobalSection
	GlobalSection(SolutionProperties) = preSolution
		HideSolutionNode = FALSE
	EndGlobalSection
EndGlobal
